
Microsoft Visual Studio Solution File, Format Version 12.00
# Visual Studio Version 17
VisualStudioVersion = 17.5.002.0
MinimumVisualStudioVersion = 10.0.40219.1
Project("{9A19103F-16F7-4668-BE54-9A1E7A4F7556}") = "ExemplosFundamentos", "ExemplosFundamentos.csproj", "{582EA2A1-F963-4932-B527-E1752B37E537}"
EndProject
Global
	GlobalSection(SolutionConfigurationPlatforms) = preSolution
		Debug|Any CPU = Debug|Any CPU
		Release|Any CPU = Release|Any CPU
	EndGlobalSection
	GlobalSection(ProjectConfigurationPlatforms) = postSolution
		{582EA2A1-F963-4932-B527-E1752B37E537}.Debug|Any CPU.ActiveCfg = Debug|Any CPU
		{582EA2A1-F963-4932-B527-E1752B37E537}.Debug|Any CPU.Build.0 = Debug|Any CPU
		{582EA2A1-F963-4932-B527-E1752B37E537}.Release|Any CPU.ActiveCfg = Release|Any CPU
		{582EA2A1-F963-4932-B527-E1752B37E537}.Release|Any CPU.Build.0 = Release|Any CPU
	EndGlobalSection
	GlobalSection(SolutionProperties) = preSolution
		HideSolutionNode = FALSE
	EndGlobalSection
	GlobalSection(ExtensibilityGlobals) = postSolution
		SolutionGuid = {61376BD4-0A5C-4F1D-8F71-659B56BE3F6C}
	EndGlobalSection
EndGlobal
